
Microsoft Visual Studio Solution File, Format Version 12.00
Project("{FAE04EC0-301F-11D3-BF4B-00C04F79EFBC}") = "Assignment1", "Assignment1.csproj", "{1AD8CF56-58A6-4E56-B805-477EEFE1DECD}"
EndProject
Global
	GlobalSection(SolutionConfigurationPlatforms) = preSolution
		Debug|Any CPU = Debug|Any CPU
		Release|Any CPU = Release|Any CPU
	EndGlobalSection
	GlobalSection(ProjectConfigurationPlatforms) = postSolution
		{1AD8CF56-58A6-4E56-B805-477EEFE1DECD}.Debug|Any CPU.ActiveCfg = Debug|Any CPU
		{1AD8CF56-58A6-4E56-B805-477EEFE1DECD}.Debug|Any CPU.Build.0 = Debug|Any CPU
		{1AD8CF56-58A6-4E56-B805-477EEFE1DECD}.Release|Any CPU.ActiveCfg = Release|Any CPU
		{1AD8CF56-58A6-4E56-B805-477EEFE1DECD}.Release|Any CPU.Build.0 = Release|Any CPU
	EndGlobalSection
EndGlobal
